
Microsoft Visual Studio Solution File, Format Version 12.00
# Visual Studio Version 17
VisualStudioVersion = 17.9.34728.123
MinimumVisualStudioVersion = 10.0.40219.1
Project("{FAE04EC0-301F-11D3-BF4B-00C04F79EFBC}") = "BookInventory", "BookInventory.csproj", "{A76014CE-0DBC-4502-98C1-5A4A279A7D55}"
EndProject
Global
	GlobalSection(SolutionConfigurationPlatforms) = preSolution
		Debug|Any CPU = Debug|Any CPU
		Release|Any CPU = Release|Any CPU
	EndGlobalSection
	GlobalSection(ProjectConfigurationPlatforms) = postSolution
		{A76014CE-0DBC-4502-98C1-5A4A279A7D55}.Debug|Any CPU.ActiveCfg = Debug|Any CPU
		{A76014CE-0DBC-4502-98C1-5A4A279A7D55}.Debug|Any CPU.Build.0 = Debug|Any CPU
		{A76014CE-0DBC-4502-98C1-5A4A279A7D55}.Release|Any CPU.ActiveCfg = Release|Any CPU
		{A76014CE-0DBC-4502-98C1-5A4A279A7D55}.Release|Any CPU.Build.0 = Release|Any CPU
	EndGlobalSection
	GlobalSection(SolutionProperties) = preSolution
		HideSolutionNode = FALSE
	EndGlobalSection
	GlobalSection(ExtensibilityGlobals) = postSolution
		SolutionGuid = {BF9FC3A0-C45E-4341-8C83-51508A8AA244}
	EndGlobalSection
EndGlobal
